
Microsoft Visual Studio Solution File, Format Version 12.00
# Visual Studio Version 17
VisualStudioVersion = 17.1.32210.238
MinimumVisualStudioVersion = 10.0.40219.1
Project("{FAE04EC0-301F-11D3-BF4B-00C04F79EFBC}") = "GraphRemake", "GraphRemake.csproj", "{FD1A54D4-EC81-4EB6-B80A-B3C2477BE1AD}"
EndProject
Global
	GlobalSection(SolutionConfigurationPlatforms) = preSolution
		Debug|Any CPU = Debug|Any CPU
		Release|Any CPU = Release|Any CPU
	EndGlobalSection
	GlobalSection(ProjectConfigurationPlatforms) = postSolution
		{FD1A54D4-EC81-4EB6-B80A-B3C2477BE1AD}.Debug|Any CPU.ActiveCfg = Debug|Any CPU
		{FD1A54D4-EC81-4EB6-B80A-B3C2477BE1AD}.Debug|Any CPU.Build.0 = Debug|Any CPU
		{FD1A54D4-EC81-4EB6-B80A-B3C2477BE1AD}.Release|Any CPU.ActiveCfg = Release|Any CPU
		{FD1A54D4-EC81-4EB6-B80A-B3C2477BE1AD}.Release|Any CPU.Build.0 = Release|Any CPU
	EndGlobalSection
	GlobalSection(SolutionProperties) = preSolution
		HideSolutionNode = FALSE
	EndGlobalSection
	GlobalSection(ExtensibilityGlobals) = postSolution
		SolutionGuid = {E038EDF8-7246-45BD-AF03-77292656E64B}
	EndGlobalSection
EndGlobal
